
Microsoft Visual Studio Solution File, Format Version 12.00
# Visual Studio Version 17
VisualStudioVersion = 17.11.35327.3
MinimumVisualStudioVersion = 10.0.40219.1
Project("{9A19103F-16F7-4668-BE54-9A1E7A4F7556}") = "CCI_BBANDS_Strategy", "CCI_BBANDS_Strategy.csproj", "{D9BDE4F3-95C0-46CB-9052-AB10A5A1DEE2}"
EndProject
Global
	GlobalSection(SolutionConfigurationPlatforms) = preSolution
		Debug|Any CPU = Debug|Any CPU
		Release|Any CPU = Release|Any CPU
	EndGlobalSection
	GlobalSection(ProjectConfigurationPlatforms) = postSolution
		{D9BDE4F3-95C0-46CB-9052-AB10A5A1DEE2}.Debug|Any CPU.ActiveCfg = Debug|Any CPU
		{D9BDE4F3-95C0-46CB-9052-AB10A5A1DEE2}.Debug|Any CPU.Build.0 = Debug|Any CPU
		{D9BDE4F3-95C0-46CB-9052-AB10A5A1DEE2}.Release|Any CPU.ActiveCfg = Release|Any CPU
		{D9BDE4F3-95C0-46CB-9052-AB10A5A1DEE2}.Release|Any CPU.Build.0 = Release|Any CPU
	EndGlobalSection
	GlobalSection(SolutionProperties) = preSolution
		HideSolutionNode = FALSE
	EndGlobalSection
	GlobalSection(ExtensibilityGlobals) = postSolution
		SolutionGuid = {0005C26E-5770-4A9D-BD84-0FC8339F2D65}
	EndGlobalSection
EndGlobal
